// !$*UTF8*$!
{
	archiveVersion = 1;
	classes = {
	};
	objectVersion = 50;
	objects = {

/* Begin PBXBuildFile section */
		9D6E8490223B13A600ED8A14 /* AppDelegate.swift in Sources */ = {isa = PBXBuildFile; fileRef = 9D6E848F223B13A600ED8A14 /* AppDelegate.swift */; };
		9D6E8495223B13A600ED8A14 /* Main.storyboard in Resources */ = {isa = PBXBuildFile; fileRef = 9D6E8493223B13A600ED8A14 /* Main.storyboard */; };
		9D6E8497223B13A700ED8A14 /* Assets.xcassets in Resources */ = {isa = PBXBuildFile; fileRef = 9D6E8496223B13A700ED8A14 /* Assets.xcassets */; };
		9D6E849A223B13A700ED8A14 /* LaunchScreen.storyboard in Resources */ = {isa = PBXBuildFile; fileRef = 9D6E8498223B13A700ED8A14 /* LaunchScreen.storyboard */; };
		9D6E84A5223B13A700ED8A14 /* PhotoramaTests.swift in Sources */ = {isa = PBXBuildFile; fileRef = 9D6E84A4223B13A700ED8A14 /* PhotoramaTests.swift */; };
		9D6E84B0223B13A700ED8A14 /* PhotoramaUITests.swift in Sources */ = {isa = PBXBuildFile; fileRef = 9D6E84AF223B13A700ED8A14 /* PhotoramaUITests.swift */; };
		9D6E84BE223B141600ED8A14 /* PhotosViewController.swift in Sources */ = {isa = PBXBuildFile; fileRef = 9D6E84BD223B141600ED8A14 /* PhotosViewController.swift */; };
		9D6E84C0223B16F700ED8A14 /* FlickrAPI.swift in Sources */ = {isa = PBXBuildFile; fileRef = 9D6E84BF223B16F700ED8A14 /* FlickrAPI.swift */; };
		9D6E84C2223B1C9300ED8A14 /* PhotoStore.swift in Sources */ = {isa = PBXBuildFile; fileRef = 9D6E84C1223B1C9300ED8A14 /* PhotoStore.swift */; };
		9D6E84C4223B1F2300ED8A14 /* Photo.swift in Sources */ = {isa = PBXBuildFile; fileRef = 9D6E84C3223B1F2300ED8A14 /* Photo.swift */; };
/* End PBXBuildFile section */

/* Begin PBXContainerItemProxy section */
		9D6E84A1223B13A700ED8A14 /* PBXContainerItemProxy */ = {
			isa = PBXContainerItemProxy;
			containerPortal = 9D6E8484223B13A500ED8A14 /* Project object */;
			proxyType = 1;
			remoteGlobalIDString = 9D6E848B223B13A500ED8A14;
			remoteInfo = Photorama;
		};
		9D6E84AC223B13A700ED8A14 /* PBXContainerItemProxy */ = {
			isa = PBXContainerItemProxy;
			containerPortal = 9D6E8484223B13A500ED8A14 /* Project object */;
			proxyType = 1;
			remoteGlobalIDString = 9D6E848B223B13A500ED8A14;
			remoteInfo = Photorama;
		};
/* End PBXContainerItemProxy section */

/* Begin PBXFileReference section */
		9D6E848C223B13A600ED8A14 /* Photorama.app */ = {isa = PBXFileReference; explicitFileType = wrapper.application; includeInIndex = 0; path = Photorama.app; sourceTree = BUILT_PRODUCTS_DIR; };
		9D6E848F223B13A600ED8A14 /* AppDelegate.swift */ = {isa = PBXFileReference; lastKnownFileType = sourcecode.swift; path = AppDelegate.swift; sourceTree = "<group>"; };
		9D6E8494223B13A600ED8A14 /* Base */ = {isa = PBXFileReference; lastKnownFileType = file.storyboard; name = Base; path = Base.lproj/Main.storyboard; sourceTree = "<group>"; };
		9D6E8496223B13A700ED8A14 /* Assets.xcassets */ = {isa = PBXFileReference; lastKnownFileType = folder.assetcatalog; path = Assets.xcassets; sourceTree = "<group>"; };
		9D6E8499223B13A700ED8A14 /* Base */ = {isa = PBXFileReference; lastKnownFileType = file.storyboard; name = Base; path = Base.lproj/LaunchScreen.storyboard; sourceTree = "<group>"; };
		9D6E849B223B13A700ED8A14 /* Info.plist */ = {isa = PBXFileReference; lastKnownFileType = text.plist.xml; path = Info.plist; sourceTree = "<group>"; };
		9D6E84A0223B13A700ED8A14 /* PhotoramaTests.xctest */ = {isa = PBXFileReference; explicitFileType = wrapper.cfbundle; includeInIndex = 0; path = PhotoramaTests.xctest; sourceTree = BUILT_PRODUCTS_DIR; };
		9D6E84A4223B13A700ED8A14 /* PhotoramaTests.swift */ = {isa = PBXFileReference; lastKnownFileType = sourcecode.swift; path = PhotoramaTests.swift; sourceTree = "<group>"; };
		9D6E84A6223B13A700ED8A14 /* Info.plist */ = {isa = PBXFileReference; lastKnownFileType = text.plist.xml; path = Info.plist; sourceTree = "<group>"; };
		9D6E84AB223B13A700ED8A14 /* PhotoramaUITests.xctest */ = {isa = PBXFileReference; explicitFileType = wrapper.cfbundle; includeInIndex = 0; path = PhotoramaUITests.xctest; sourceTree = BUILT_PRODUCTS_DIR; };
		9D6E84AF223B13A700ED8A14 /* PhotoramaUITests.swift */ = {isa = PBXFileReference; lastKnownFileType = sourcecode.swift; path = PhotoramaUITests.swift; sourceTree = "<group>"; };
		9D6E84B1223B13A700ED8A14 /* Info.plist */ = {isa = PBXFileReference; lastKnownFileType = text.plist.xml; path = Info.plist; sourceTree = "<group>"; };
		9D6E84BD223B141600ED8A14 /* PhotosViewController.swift */ = {isa = PBXFileReference; lastKnownFileType = sourcecode.swift; path = PhotosViewController.swift; sourceTree = "<group>"; };
		9D6E84BF223B16F700ED8A14 /* FlickrAPI.swift */ = {isa = PBXFileReference; lastKnownFileType = sourcecode.swift; path = FlickrAPI.swift; sourceTree = "<group>"; };
		9D6E84C1223B1C9300ED8A14 /* PhotoStore.swift */ = {isa = PBXFileReference; lastKnownFileType = sourcecode.swift; path = PhotoStore.swift; sourceTree = "<group>"; };
		9D6E84C3223B1F2300ED8A14 /* Photo.swift */ = {isa = PBXFileReference; lastKnownFileType = sourcecode.swift; path = Photo.swift; sourceTree = "<group>"; };
/* End PBXFileReference section */

/* Begin PBXFrameworksBuildPhase section */
		9D6E8489223B13A500ED8A14 /* Frameworks */ = {
			isa = PBXFrameworksBuildPhase;
			buildActionMask = 2147483647;
			files = (
			);
			runOnlyForDeploymentPostprocessing = 0;
		};
		9D6E849D223B13A700ED8A14 /* Frameworks */ = {
			isa = PBXFrameworksBuildPhase;
			buildActionMask = 2147483647;
			files = (
			);
			runOnlyForDeploymentPostprocessing = 0;
		};
		9D6E84A8223B13A700ED8A14 /* Frameworks */ = {
			isa = PBXFrameworksBuildPhase;
			buildActionMask = 2147483647;
			files = (
			);
			runOnlyForDeploymentPostprocessing = 0;
		};
/* End PBXFrameworksBuildPhase section */

/* Begin PBXGroup section */
		9D6E8483223B13A500ED8A14 = {
			isa = PBXGroup;
			children = (
				9D6E848E223B13A600ED8A14 /* Photorama */,
				9D6E84A3223B13A700ED8A14 /* PhotoramaTests */,
				9D6E84AE223B13A700ED8A14 /* PhotoramaUITests */,
				9D6E848D223B13A600ED8A14 /* Products */,
			);
			sourceTree = "<group>";
		};
		9D6E848D223B13A600ED8A14 /* Products */ = {
			isa = PBXGroup;
			children = (
				9D6E848C223B13A600ED8A14 /* Photorama.app */,
				9D6E84A0223B13A700ED8A14 /* PhotoramaTests.xctest */,
				9D6E84AB223B13A700ED8A14 /* PhotoramaUITests.xctest */,
			);
			name = Products;
			sourceTree = "<group>";
		};
		9D6E848E223B13A600ED8A14 /* Photorama */ = {
			isa = PBXGroup;
			children = (
				9D6E848F223B13A600ED8A14 /* AppDelegate.swift */,
				9D6E8493223B13A600ED8A14 /* Main.storyboard */,
				9D6E8496223B13A700ED8A14 /* Assets.xcassets */,
				9D6E8498223B13A700ED8A14 /* LaunchScreen.storyboard */,
				9D6E849B223B13A700ED8A14 /* Info.plist */,
				9D6E84BD223B141600ED8A14 /* PhotosViewController.swift */,
				9D6E84BF223B16F700ED8A14 /* FlickrAPI.swift */,
				9D6E84C1223B1C9300ED8A14 /* PhotoStore.swift */,
				9D6E84C3223B1F2300ED8A14 /* Photo.swift */,
			);
			path = Photorama;
			sourceTree = "<group>";
		};
		9D6E84A3223B13A700ED8A14 /* PhotoramaTests */ = {
			isa = PBXGroup;
			children = (
				9D6E84A4223B13A700ED8A14 /* PhotoramaTests.swift */,
				9D6E84A6223B13A700ED8A14 /* Info.plist */,
			);
			path = PhotoramaTests;
			sourceTree = "<group>";
		};
		9D6E84AE223B13A700ED8A14 /* PhotoramaUITests */ = {
			isa = PBXGroup;
			children = (
				9D6E84AF223B13A700ED8A14 /* PhotoramaUITests.swift */,
				9D6E84B1223B13A700ED8A14 /* Info.plist */,
			);
			path = PhotoramaUITests;
			sourceTree = "<group>";
		};
/* End PBXGroup section */

/* Begin PBXNativeTarget section */
		9D6E848B223B13A500ED8A14 /* Photorama */ = {
			isa = PBXNativeTarget;
			buildConfigurationList = 9D6E84B4223B13A700ED8A14 /* Build configuration list for PBXNativeTarget "Photorama" */;
			buildPhases = (
				9D6E8488223B13A500ED8A14 /* Sources */,
				9D6E8489223B13A500ED8A14 /* Frameworks */,
				9D6E848A223B13A500ED8A14 /* Resources */,
			);
			buildRules = (
			);
			dependencies = (
			);
			name = Photorama;
			productName = Photorama;
			productReference = 9D6E848C223B13A600ED8A14 /* Photorama.app */;
			productType = "com.apple.product-type.application";
		};
		9D6E849F223B13A700ED8A14 /* PhotoramaTests */ = {
			isa = PBXNativeTarget;
			buildConfigurationList = 9D6E84B7223B13A700ED8A14 /* Build configuration list for PBXNativeTarget "PhotoramaTests" */;
			buildPhases = (
				9D6E849C223B13A700ED8A14 /* Sources */,
				9D6E849D223B13A700ED8A14 /* Frameworks */,
				9D6E849E223B13A700ED8A14 /* Resources */,
			);
			buildRules = (
			);
			dependencies = (
				9D6E84A2223B13A700ED8A14 /* PBXTargetDependency */,
			);
			name = PhotoramaTests;
			productName = PhotoramaTests;
			productReference = 9D6E84A0223B13A700ED8A14 /* PhotoramaTests.xctest */;
			productType = "com.apple.product-type.bundle.unit-test";
		};
		9D6E84AA223B13A700ED8A14 /* PhotoramaUITests */ = {
			isa = PBXNativeTarget;
			buildConfigurationList = 9D6E84BA223B13A700ED8A14 /* Build configuration list for PBXNativeTarget "PhotoramaUITests" */;
			buildPhases = (
				9D6E84A7223B13A700ED8A14 /* Sources */,
				9D6E84A8223B13A700ED8A14 /* Frameworks */,
				9D6E84A9223B13A700ED8A14 /* Resources */,
			);
			buildRules = (
			);
			dependencies = (
				9D6E84AD223B13A700ED8A14 /* PBXTargetDependency */,
			);
			name = PhotoramaUITests;
			productName = PhotoramaUITests;
			productReference = 9D6E84AB223B13A700ED8A14 /* PhotoramaUITests.xctest */;
			productType = "com.apple.product-type.bundle.ui-testing";
		};
/* End PBXNativeTarget section */

/* Begin PBXProject section */
		9D6E8484223B13A500ED8A14 /* Project object */ = {
			isa = PBXProject;
			attributes = {
				LastSwiftUpdateCheck = 1010;
				LastUpgradeCheck = 1010;
				ORGANIZATIONNAME = "Thayllan Anacleto";
				TargetAttributes = {
					9D6E848B223B13A500ED8A14 = {
						CreatedOnToolsVersion = 10.1;
					};
					9D6E849F223B13A700ED8A14 = {
						CreatedOnToolsVersion = 10.1;
						TestTargetID = 9D6E848B223B13A500ED8A14;
					};
					9D6E84AA223B13A700ED8A14 = {
						CreatedOnToolsVersion = 10.1;
						TestTargetID = 9D6E848B223B13A500ED8A14;
					};
				};
			};
			buildConfigurationList = 9D6E8487223B13A500ED8A14 /* Build configuration list for PBXProject "Photorama" */;
			compatibilityVersion = "Xcode 9.3";
			developmentRegion = en;
			hasScannedForEncodings = 0;
			knownRegions = (
				en,
				Base,
			);
			mainGroup = 9D6E8483223B13A500ED8A14;
			productRefGroup = 9D6E848D223B13A600ED8A14 /* Products */;
			projectDirPath = "";
			projectRoot = "";
			targets = (
				9D6E848B223B13A500ED8A14 /* Photorama */,
				9D6E849F223B13A700ED8A14 /* PhotoramaTests */,
				9D6E84AA223B13A700ED8A14 /* PhotoramaUITests */,
			);
		};
/* End PBXProject section */

/* Begin PBXResourcesBuildPhase section */
		9D6E848A223B13A500ED8A14 /* Resources */ = {
			isa = PBXResourcesBuildPhase;
			buildActionMask = 2147483647;
			files = (
				9D6E849A223B13A700ED8A14 /* LaunchScreen.storyboard in Resources */,
				9D6E8497223B13A700ED8A14 /* Assets.xcassets in Resources */,
				9D6E8495223B13A600ED8A14 /* Main.storyboard in Resources */,
			);
			runOnlyForDeploymentPostprocessing = 0;
		};
		9D6E849E223B13A700ED8A14 /* Resources */ = {
			isa = PBXResourcesBuildPhase;
			buildActionMask = 2147483647;
			files = (
			);
			runOnlyForDeploymentPostprocessing = 0;
		};
		9D6E84A9223B13A700ED8A14 /* Resources */ = {
			isa = PBXResourcesBuildPhase;
			buildActionMask = 2147483647;
			files = (
			);
			runOnlyForDeploymentPostprocessing = 0;
		};
/* End PBXResourcesBuildPhase section */

/* Begin PBXSourcesBuildPhase section */
		9D6E8488223B13A500ED8A14 /* Sources */ = {
			isa = PBXSourcesBuildPhase;
			buildActionMask = 2147483647;
			files = (
				9D6E84C0223B16F700ED8A14 /* FlickrAPI.swift in Sources */,
				9D6E84BE223B141600ED8A14 /* PhotosViewController.swift in Sources */,
				9D6E84C2223B1C9300ED8A14 /* PhotoStore.swift in Sources */,
				9D6E8490223B13A600ED8A14 /* AppDelegate.swift in Sources */,
				9D6E84C4223B1F2300ED8A14 /* Photo.swift in Sources */,
			);
			runOnlyForDeploymentPostprocessing = 0;
		};
		9D6E849C223B13A700ED8A14 /* Sources */ = {
			isa = PBXSourcesBuildPhase;
			buildActionMask = 2147483647;
			files = (
				9D6E84A5223B13A700ED8A14 /* PhotoramaTests.swift in Sources */,
			);
			runOnlyForDeploymentPostprocessing = 0;
		};
		9D6E84A7223B13A700ED8A14 /* Sources */ = {
			isa = PBXSourcesBuildPhase;
			buildActionMask = 2147483647;
			files = (
				9D6E84B0223B13A700ED8A14 /* PhotoramaUITests.swift in Sources */,
			);
			runOnlyForDeploymentPostprocessing = 0;
		};
/* End PBXSourcesBuildPhase section */

/* Begin PBXTargetDependency section */
		9D6E84A2223B13A700ED8A14 /* PBXTargetDependency */ = {
			isa = PBXTargetDependency;
			target = 9D6E848B223B13A500ED8A14 /* Photorama */;
			targetProxy = 9D6E84A1223B13A700ED8A14 /* PBXContainerItemProxy */;
		};
		9D6E84AD223B13A700ED8A14 /* PBXTargetDependency */ = {
			isa = PBXTargetDependency;
			target = 9D6E848B223B13A500ED8A14 /* Photorama */;
			targetProxy = 9D6E84AC223B13A700ED8A14 /* PBXContainerItemProxy */;
		};
/* End PBXTargetDependency section */

/* Begin PBXVariantGroup section */
		9D6E8493223B13A600ED8A14 /* Main.storyboard */ = {
			isa = PBXVariantGroup;
			children = (
				9D6E8494223B13A600ED8A14 /* Base */,
			);
			name = Main.storyboard;
			sourceTree = "<group>";
		};
		9D6E8498223B13A700ED8A14 /* LaunchScreen.storyboard */ = {
			isa = PBXVariantGroup;
			children = (
				9D6E8499223B13A700ED8A14 /* Base */,
			);
			name = LaunchScreen.storyboard;
			sourceTree = "<group>";
		};
/* End PBXVariantGroup section */

/* Begin XCBuildConfiguration section */
		9D6E84B2223B13A700ED8A14 /* Debug */ = {
			isa = XCBuildConfiguration;
			buildSettings = {
				ALWAYS_SEARCH_USER_PATHS = NO;
				CLANG_ANALYZER_NONNULL = YES;
				CLANG_ANALYZER_NUMBER_OBJECT_CONVERSION = YES_AGGRESSIVE;
				CLANG_CXX_LANGUAGE_STANDARD = "gnu++14";
				CLANG_CXX_LIBRARY = "libc++";
				CLANG_ENABLE_MODULES = YES;
				CLANG_ENABLE_OBJC_ARC = YES;
				CLANG_ENABLE_OBJC_WEAK = YES;
				CLANG_WARN_BLOCK_CAPTURE_AUTORELEASING = YES;
				CLANG_WARN_BOOL_CONVERSION = YES;
				CLANG_WARN_COMMA = YES;
				CLANG_WARN_CONSTANT_CONVERSION = YES;
				CLANG_WARN_DEPRECATED_OBJC_IMPLEMENTATIONS = YES;
				CLANG_WARN_DIRECT_OBJC_ISA_USAGE = YES_ERROR;
				CLANG_WARN_DOCUMENTATION_COMMENTS = YES;
				CLANG_WARN_EMPTY_BODY = YES;
				CLANG_WARN_ENUM_CONVERSION = YES;
				CLANG_WARN_INFINITE_RECURSION = YES;
				CLANG_WARN_INT_CONVERSION = YES;
				CLANG_WARN_NON_LITERAL_NULL_CONVERSION = YES;
				CLANG_WARN_OBJC_IMPLICIT_RETAIN_SELF = YES;
				CLANG_WARN_OBJC_LITERAL_CONVERSION = YES;
				CLANG_WARN_OBJC_ROOT_CLASS = YES_ERROR;
				CLANG_WARN_RANGE_LOOP_ANALYSIS = YES;
				CLANG_WARN_STRICT_PROTOTYPES = YES;
				CLANG_WARN_SUSPICIOUS_MOVE = YES;
				CLANG_WARN_UNGUARDED_AVAILABILITY = YES_AGGRESSIVE;
				CLANG_WARN_UNREACHABLE_CODE = YES;
				CLANG_WARN__DUPLICATE_METHOD_MATCH = YES;
				CODE_SIGN_IDENTITY = "iPhone Developer";
				COPY_PHASE_STRIP = NO;
				DEBUG_INFORMATION_FORMAT = dwarf;
				ENABLE_STRICT_OBJC_MSGSEND = YES;
				ENABLE_TESTABILITY = YES;
				GCC_C_LANGUAGE_STANDARD = gnu11;
				GCC_DYNAMIC_NO_PIC = NO;
				GCC_NO_COMMON_BLOCKS = YES;
				GCC_OPTIMIZATION_LEVEL = 0;
				GCC_PREPROCESSOR_DEFINITIONS = (
					"DEBUG=1",
					"$(inherited)",
				);
				GCC_WARN_64_TO_32_BIT_CONVERSION = YES;
				GCC_WARN_ABOUT_RETURN_TYPE = YES_ERROR;
				GCC_WARN_UNDECLARED_SELECTOR = YES;
				GCC_WARN_UNINITIALIZED_AUTOS = YES_AGGRESSIVE;
				GCC_WARN_UNUSED_FUNCTION = YES;
				GCC_WARN_UNUSED_VARIABLE = YES;
				IPHONEOS_DEPLOYMENT_TARGET = 12.1;
				MTL_ENABLE_DEBUG_INFO = INCLUDE_SOURCE;
				MTL_FAST_MATH = YES;
				ONLY_ACTIVE_ARCH = YES;
				SDKROOT = iphoneos;
				SWIFT_ACTIVE_COMPILATION_CONDITIONS = DEBUG;
				SWIFT_OPTIMIZATION_LEVEL = "-Onone";
			};
			name = Debug;
		};
		9D6E84B3223B13A700ED8A14 /* Release */ = {
			isa = XCBuildConfiguration;
			buildSettings = {
				ALWAYS_SEARCH_USER_PATHS = NO;
				CLANG_ANALYZER_NONNULL = YES;
				CLANG_ANALYZER_NUMBER_OBJECT_CONVERSION = YES_AGGRESSIVE;
				CLANG_CXX_LANGUAGE_STANDARD = "gnu++14";
				CLANG_CXX_LIBRARY = "libc++";
				CLANG_ENABLE_MODULES = YES;
				CLANG_ENABLE_OBJC_ARC = YES;
				CLANG_ENABLE_OBJC_WEAK = YES;
				CLANG_WARN_BLOCK_CAPTURE_AUTORELEASING = YES;
				CLANG_WARN_BOOL_CONVERSION = YES;
				CLANG_WARN_COMMA = YES;
				CLANG_WARN_CONSTANT_CONVERSION = YES;
				CLANG_WARN_DEPRECATED_OBJC_IMPLEMENTATIONS = YES;
				CLANG_WARN_DIRECT_OBJC_ISA_USAGE = YES_ERROR;
				CLANG_WARN_DOCUMENTATION_COMMENTS = YES;
				CLANG_WARN_EMPTY_BODY = YES;
				CLANG_WARN_ENUM_CONVERSION = YES;
				CLANG_WARN_INFINITE_RECURSION = YES;
				CLANG_WARN_INT_CONVERSION = YES;
				CLANG_WARN_NON_LITERAL_NULL_CONVERSION = YES;
				CLANG_WARN_OBJC_IMPLICIT_RETAIN_SELF = YES;
				CLANG_WARN_OBJC_LITERAL_CONVERSION = YES;
				CLANG_WARN_OBJC_ROOT_CLASS = YES_ERROR;
				CLANG_WARN_RANGE_LOOP_ANALYSIS = YES;
				CLANG_WARN_STRICT_PROTOTYPES = YES;
				CLANG_WARN_SUSPICIOUS_MOVE = YES;
				CLANG_WARN_UNGUARDED_AVAILABILITY = YES_AGGRESSIVE;
				CLANG_WARN_UNREACHABLE_CODE = YES;
				CLANG_WARN__DUPLICATE_METHOD_MATCH = YES;
				CODE_SIGN_IDENTITY = "iPhone Developer";
				COPY_PHASE_STRIP = NO;
				DEBUG_INFORMATION_FORMAT = "dwarf-with-dsym";
				ENABLE_NS_ASSERTIONS = NO;
				ENABLE_STRICT_OBJC_MSGSEND = YES;
				GCC_C_LANGUAGE_STANDARD = gnu11;
				GCC_NO_COMMON_BLOCKS = YES;
				GCC_WARN_64_TO_32_BIT_CONVERSION = YES;
				GCC_WARN_ABOUT_RETURN_TYPE = YES_ERROR;
				GCC_WARN_UNDECLARED_SELECTOR = YES;
				GCC_WARN_UNINITIALIZED_AUTOS = YES_AGGRESSIVE;
				GCC_WARN_UNUSED_FUNCTION = YES;
				GCC_WARN_UNUSED_VARIABLE = YES;
				IPHONEOS_DEPLOYMENT_TARGET = 12.1;
				MTL_ENABLE_DEBUG_INFO = NO;
				MTL_FAST_MATH = YES;
				SDKROOT = iphoneos;
				SWIFT_COMPILATION_MODE = wholemodule;
				SWIFT_OPTIMIZATION_LEVEL = "-O";
				VALIDATE_PRODUCT = YES;
			};
			name = Release;
		};
		9D6E84B5223B13A700ED8A14 /* Debug */ = {
			isa = XCBuildConfiguration;
			buildSettings = {
				ASSETCATALOG_COMPILER_APPICON_NAME = AppIcon;
				CODE_SIGN_STYLE = Automatic;
				DEVELOPMENT_TEAM = 2BULHRS882;
				INFOPLIST_FILE = Photorama/Info.plist;
				LD_RUNPATH_SEARCH_PATHS = (
					"$(inherited)",
					"@executable_path/Frameworks",
				);
				PRODUCT_BUNDLE_IDENTIFIER = TNA.Photorama;
				PRODUCT_NAME = "$(TARGET_NAME)";
				SWIFT_VERSION = 4.2;
				TARGETED_DEVICE_FAMILY = "1,2";
			};
			name = Debug;
		};
		9D6E84B6223B13A700ED8A14 /* Release */ = {
			isa = XCBuildConfiguration;
			buildSettings = {
				ASSETCATALOG_COMPILER_APPICON_NAME = AppIcon;
				CODE_SIGN_STYLE = Automatic;
				DEVELOPMENT_TEAM = 2BULHRS882;
				INFOPLIST_FILE = Photorama/Info.plist;
				LD_RUNPATH_SEARCH_PATHS = (
					"$(inherited)",
					"@executable_path/Frameworks",
				);
				PRODUCT_BUNDLE_IDENTIFIER = TNA.Photorama;
				PRODUCT_NAME = "$(TARGET_NAME)";
				SWIFT_VERSION = 4.2;
				TARGETED_DEVICE_FAMILY = "1,2";
			};
			name = Release;
		};
		9D6E84B8223B13A700ED8A14 /* Debug */ = {
			isa = XCBuildConfiguration;
			buildSettings = {
				ALWAYS_EMBED_SWIFT_STANDARD_LIBRARIES = YES;
				BUNDLE_LOADER = "$(TEST_HOST)";
				CODE_SIGN_STYLE = Automatic;
				DEVELOPMENT_TEAM = 2BULHRS882;
				INFOPLIST_FILE = PhotoramaTests/Info.plist;
				LD_RUNPATH_SEARCH_PATHS = (
					"$(inherited)",
					"@executable_path/Frameworks",
					"@loader_path/Frameworks",
				);
				PRODUCT_BUNDLE_IDENTIFIER = TNA.PhotoramaTests;
				PRODUCT_NAME = "$(TARGET_NAME)";
				SWIFT_VERSION = 4.2;
				TARGETED_DEVICE_FAMILY = "1,2";
				TEST_HOST = "$(BUILT_PRODUCTS_DIR)/Photorama.app/Photorama";
			};
			name = Debug;
		};
		9D6E84B9223B13A700ED8A14 /* Release */ = {
			isa = XCBuildConfiguration;
			buildSettings = {
				ALWAYS_EMBED_SWIFT_STANDARD_LIBRARIES = YES;
				BUNDLE_LOADER = "$(TEST_HOST)";
				CODE_SIGN_STYLE = Automatic;
				DEVELOPMENT_TEAM = 2BULHRS882;
				INFOPLIST_FILE = PhotoramaTests/Info.plist;
				LD_RUNPATH_SEARCH_PATHS = (
					"$(inherited)",
					"@executable_path/Frameworks",
					"@loader_path/Frameworks",
				);
				PRODUCT_BUNDLE_IDENTIFIER = TNA.PhotoramaTests;
				PRODUCT_NAME = "$(TARGET_NAME)";
				SWIFT_VERSION = 4.2;
				TARGETED_DEVICE_FAMILY = "1,2";
				TEST_HOST = "$(BUILT_PRODUCTS_DIR)/Photorama.app/Photorama";
			};
			name = Release;
		};
		9D6E84BB223B13A700ED8A14 /* Debug */ = {
			isa = XCBuildConfiguration;
			buildSettings = {
				ALWAYS_EMBED_SWIFT_STANDARD_LIBRARIES = YES;
				CODE_SIGN_STYLE = Automatic;
				DEVELOPMENT_TEAM = 2BULHRS882;
				INFOPLIST_FILE = PhotoramaUITests/Info.plist;
				LD_RUNPATH_SEARCH_PATHS = (
					"$(inherited)",
					"@executable_path/Frameworks",
					"@loader_path/Frameworks",
				);
				PRODUCT_BUNDLE_IDENTIFIER = TNA.PhotoramaUITests;
				PRODUCT_NAME = "$(TARGET_NAME)";
				SWIFT_VERSION = 4.2;
				TARGETED_DEVICE_FAMILY = "1,2";
				TEST_TARGET_NAME = Photorama;
			};
			name = Debug;
		};
		9D6E84BC223B13A700ED8A14 /* Release */ = {
			isa = XCBuildConfiguration;
			buildSettings = {
				ALWAYS_EMBED_SWIFT_STANDARD_LIBRARIES = YES;
				CODE_SIGN_STYLE = Automatic;
				DEVELOPMENT_TEAM = 2BULHRS882;
				INFOPLIST_FILE = PhotoramaUITests/Info.plist;
				LD_RUNPATH_SEARCH_PATHS = (
					"$(inherited)",
					"@executable_path/Frameworks",
					"@loader_path/Frameworks",
				);
				PRODUCT_BUNDLE_IDENTIFIER = TNA.PhotoramaUITests;
				PRODUCT_NAME = "$(TARGET_NAME)";
				SWIFT_VERSION = 4.2;
				TARGETED_DEVICE_FAMILY = "1,2";
				TEST_TARGET_NAME = Photorama;
			};
			name = Release;
		};
/* End XCBuildConfiguration section */

/* Begin XCConfigurationList section */
		9D6E8487223B13A500ED8A14 /* Build configuration list for PBXProject "Photorama" */ = {
			isa = XCConfigurationList;
			buildConfigurations = (
				9D6E84B2223B13A700ED8A14 /* Debug */,
				9D6E84B3223B13A700ED8A14 /* Release */,
			);
			defaultConfigurationIsVisible = 0;
			defaultConfigurationName = Release;
		};
		9D6E84B4223B13A700ED8A14 /* Build configuration list for PBXNativeTarget "Photorama" */ = {
			isa = XCConfigurationList;
			buildConfigurations = (
				9D6E84B5223B13A700ED8A14 /* Debug */,
				9D6E84B6223B13A700ED8A14 /* Release */,
			);
			defaultConfigurationIsVisible = 0;
			defaultConfigurationName = Release;
		};
		9D6E84B7223B13A700ED8A14 /* Build configuration list for PBXNativeTarget "PhotoramaTests" */ = {
			isa = XCConfigurationList;
			buildConfigurations = (
				9D6E84B8223B13A700ED8A14 /* Debug */,
				9D6E84B9223B13A700ED8A14 /* Release */,
			);
			defaultConfigurationIsVisible = 0;
			defaultConfigurationName = Release;
		};
		9D6E84BA223B13A700ED8A14 /* Build configuration list for PBXNativeTarget "PhotoramaUITests" */ = {
			isa = XCConfigurationList;
			buildConfigurations = (
				9D6E84BB223B13A700ED8A14 /* Debug */,
				9D6E84BC223B13A700ED8A14 /* Release */,
			);
			defaultConfigurationIsVisible = 0;
			defaultConfigurationName = Release;
		};
/* End XCConfigurationList section */
	};
	rootObject = 9D6E8484223B13A500ED8A14 /* Project object */;
}
